
Microsoft Visual Studio Solution File, Format Version 12.00
# Visual Studio Version 16
VisualStudioVersion = 16.0.29728.190
MinimumVisualStudioVersion = 10.0.40219.1
Project("{FAE04EC0-301F-11D3-BF4B-00C04F79EFBC}") = "JenkinsWebSkillup", "JenkinsWebSkillup\JenkinsWebSkillup.csproj", "{3375D5EA-A447-44ED-9EF8-203E21D1CC0B}"
EndProject
Project("{FAE04EC0-301F-11D3-BF4B-00C04F79EFBC}") = "JenkinsWebSkillup.Tests", "JenkinsWebSkillup.Tests\JenkinsWebSkillup.Tests.csproj", "{C7F65034-E7D7-4FEF-8E2E-A671BDA63B1B}"
EndProject
Global
	GlobalSection(SolutionConfigurationPlatforms) = preSolution
		Debug|Any CPU = Debug|Any CPU
		Release|Any CPU = Release|Any CPU
	EndGlobalSection
	GlobalSection(ProjectConfigurationPlatforms) = postSolution
		{3375D5EA-A447-44ED-9EF8-203E21D1CC0B}.Debug|Any CPU.ActiveCfg = Debug|Any CPU
		{3375D5EA-A447-44ED-9EF8-203E21D1CC0B}.Debug|Any CPU.Build.0 = Debug|Any CPU
		{3375D5EA-A447-44ED-9EF8-203E21D1CC0B}.Release|Any CPU.ActiveCfg = Release|Any CPU
		{3375D5EA-A447-44ED-9EF8-203E21D1CC0B}.Release|Any CPU.Build.0 = Release|Any CPU
		{C7F65034-E7D7-4FEF-8E2E-A671BDA63B1B}.Debug|Any CPU.ActiveCfg = Debug|Any CPU
		{C7F65034-E7D7-4FEF-8E2E-A671BDA63B1B}.Debug|Any CPU.Build.0 = Debug|Any CPU
		{C7F65034-E7D7-4FEF-8E2E-A671BDA63B1B}.Release|Any CPU.ActiveCfg = Release|Any CPU
		{C7F65034-E7D7-4FEF-8E2E-A671BDA63B1B}.Release|Any CPU.Build.0 = Release|Any CPU
	EndGlobalSection
	GlobalSection(SolutionProperties) = preSolution
		HideSolutionNode = FALSE
	EndGlobalSection
	GlobalSection(ExtensibilityGlobals) = postSolution
		SolutionGuid = {D2802C24-C3A7-4CF3-BDC1-D5D35EFB9A8B}
	EndGlobalSection
EndGlobal
